
Microsoft Visual Studio Solution File, Format Version 12.00
# Visual Studio Version 17
VisualStudioVersion = 17.5.33627.172
MinimumVisualStudioVersion = 10.0.40219.1
Project("{FAE04EC0-301F-11D3-BF4B-00C04F79EFBC}") = "HospitalSmrn", "HospitalSmrn\HospitalSmrn.csproj", "{8F2E15E5-730A-408D-8480-CE3B99211012}"
EndProject
Global
	GlobalSection(SolutionConfigurationPlatforms) = preSolution
		Debug|Any CPU = Debug|Any CPU
		Release|Any CPU = Release|Any CPU
	EndGlobalSection
	GlobalSection(ProjectConfigurationPlatforms) = postSolution
		{8F2E15E5-730A-408D-8480-CE3B99211012}.Debug|Any CPU.ActiveCfg = Debug|Any CPU
		{8F2E15E5-730A-408D-8480-CE3B99211012}.Debug|Any CPU.Build.0 = Debug|Any CPU
		{8F2E15E5-730A-408D-8480-CE3B99211012}.Release|Any CPU.ActiveCfg = Release|Any CPU
		{8F2E15E5-730A-408D-8480-CE3B99211012}.Release|Any CPU.Build.0 = Release|Any CPU
	EndGlobalSection
	GlobalSection(SolutionProperties) = preSolution
		HideSolutionNode = FALSE
	EndGlobalSection
	GlobalSection(ExtensibilityGlobals) = postSolution
		SolutionGuid = {8D52EA73-684C-4030-BFE1-C9D38878D905}
	EndGlobalSection
EndGlobal
